// !$*UTF8*$!
{
	archiveVersion = 1;
	classes = {
	};
	objectVersion = 46;
	objects = {

/* Begin PBXBuildFile section */
		49164FD816A87A720094BE03 /* UIKit.framework in Frameworks */ = {isa = PBXBuildFile; fileRef = 49164FD716A87A720094BE03 /* UIKit.framework */; };
		49164FDA16A87A720094BE03 /* Foundation.framework in Frameworks */ = {isa = PBXBuildFile; fileRef = 49164FD916A87A720094BE03 /* Foundation.framework */; };
		49164FDC16A87A720094BE03 /* CoreGraphics.framework in Frameworks */ = {isa = PBXBuildFile; fileRef = 49164FDB16A87A720094BE03 /* CoreGraphics.framework */; };
		49164FE216A87A720094BE03 /* InfoPlist.strings in Resources */ = {isa = PBXBuildFile; fileRef = 49164FE016A87A720094BE03 /* InfoPlist.strings */; };
		49164FE416A87A720094BE03 /* main.m in Sources */ = {isa = PBXBuildFile; fileRef = 49164FE316A87A720094BE03 /* main.m */; };
		49164FE816A87A720094BE03 /* AppDelegate.m in Sources */ = {isa = PBXBuildFile; fileRef = 49164FE716A87A720094BE03 /* AppDelegate.m */; };
		49164FEA16A87A720094BE03 /* Default.png in Resources */ = {isa = PBXBuildFile; fileRef = 49164FE916A87A720094BE03 /* Default.png */; };
		49164FEC16A87A720094BE03 /* Default@2x.png in Resources */ = {isa = PBXBuildFile; fileRef = 49164FEB16A87A720094BE03 /* Default@2x.png */; };
		49164FEE16A87A720094BE03 /* Default-568h@2x.png in Resources */ = {isa = PBXBuildFile; fileRef = 49164FED16A87A720094BE03 /* Default-568h@2x.png */; };
		49164FF116A87A720094BE03 /* iPhone.storyboard in Resources */ = {isa = PBXBuildFile; fileRef = 49164FEF16A87A720094BE03 /* iPhone.storyboard */; };
		49164FFC16A87B5E0094BE03 /* LoginViewController.m in Sources */ = {isa = PBXBuildFile; fileRef = 49164FFB16A87B0E0094BE03 /* LoginViewController.m */; };
		4916500216A87B820094BE03 /* GameKit.framework in Frameworks */ = {isa = PBXBuildFile; fileRef = 4916500116A87B820094BE03 /* GameKit.framework */; };
		4921E52E16AE2AEC00ECB11E /* GenericViewController.m in Sources */ = {isa = PBXBuildFile; fileRef = 4921E52D16AE2AEC00ECB11E /* GenericViewController.m */; };
		4921E53216AE2F4700ECB11E /* button-1.png in Resources */ = {isa = PBXBuildFile; fileRef = 4921E53116AE2F4700ECB11E /* button-1.png */; };
		4921E53416AE2FEE00ECB11E /* button-2.png in Resources */ = {isa = PBXBuildFile; fileRef = 4921E53316AE2FEE00ECB11E /* button-2.png */; };
		4921E53616AE301900ECB11E /* button-3.png in Resources */ = {isa = PBXBuildFile; fileRef = 4921E53516AE301900ECB11E /* button-3.png */; };
		4921E53916AE328E00ECB11E /* StatsViewController.m in Sources */ = {isa = PBXBuildFile; fileRef = 4921E53816AE328E00ECB11E /* StatsViewController.m */; };
		4921E53E16AE345000ECB11E /* Purple1.jpg in Resources */ = {isa = PBXBuildFile; fileRef = 4921E53A16AE345000ECB11E /* Purple1.jpg */; };
		4921E53F16AE345000ECB11E /* Purple2.jpg in Resources */ = {isa = PBXBuildFile; fileRef = 4921E53B16AE345000ECB11E /* Purple2.jpg */; };
		4921E54016AE345000ECB11E /* Purple3.jpg in Resources */ = {isa = PBXBuildFile; fileRef = 4921E53C16AE345000ECB11E /* Purple3.jpg */; };
		4921E54116AE345000ECB11E /* Purple4.jpg in Resources */ = {isa = PBXBuildFile; fileRef = 4921E53D16AE345000ECB11E /* Purple4.jpg */; };
		4921E54316AE34BE00ECB11E /* Purple5.jpg in Resources */ = {isa = PBXBuildFile; fileRef = 4921E54216AE34BE00ECB11E /* Purple5.jpg */; };
		4921E54516AE34FA00ECB11E /* Purple6.jpg in Resources */ = {isa = PBXBuildFile; fileRef = 4921E54416AE34FA00ECB11E /* Purple6.jpg */; };
		4921E54816AE35DD00ECB11E /* Stats-button.png in Resources */ = {isa = PBXBuildFile; fileRef = 4921E54616AE35DD00ECB11E /* Stats-button.png */; };
		4921E54916AE35DD00ECB11E /* Play-button.png in Resources */ = {isa = PBXBuildFile; fileRef = 4921E54716AE35DD00ECB11E /* Play-button.png */; };
		4921E54B16AE3B8C00ECB11E /* Submit-button.png in Resources */ = {isa = PBXBuildFile; fileRef = 4921E54A16AE3B8C00ECB11E /* Submit-button.png */; };
		4921E55B16AEFB4000ECB11E /* iPad.storyboard in Resources */ = {isa = PBXBuildFile; fileRef = 4921E55A16AEFB4000ECB11E /* iPad.storyboard */; };
		4921E57016AF22AF00ECB11E /* MBProgressHUD.m in Sources */ = {isa = PBXBuildFile; fileRef = 4921E55716AEFA5500ECB11E /* MBProgressHUD.m */; };
		4921E58716AF3ED000ECB11E /* UIButton+Disable.m in Sources */ = {isa = PBXBuildFile; fileRef = 4921E58616AF3E3300ECB11E /* UIButton+Disable.m */; };
		FA3B941E16AB2922007C572F /* GameViewController.m in Sources */ = {isa = PBXBuildFile; fileRef = FA3B941D16AB2922007C572F /* GameViewController.m */; };
		FA3B942216AB293B007C572F /* GameModel.m in Sources */ = {isa = PBXBuildFile; fileRef = FA3B942116AB293B007C572F /* GameModel.m */; };
		FA3B942416AB497C007C572F /* AVFoundation.framework in Frameworks */ = {isa = PBXBuildFile; fileRef = FA3B942316AB497C007C572F /* AVFoundation.framework */; };
		FA3B942616AB4E78007C572F /* Free-HD-Purple-Space-Backgrounds.jpg in Resources */ = {isa = PBXBuildFile; fileRef = FA3B942516AB4E78007C572F /* Free-HD-Purple-Space-Backgrounds.jpg */; };
/* End PBXBuildFile section */

/* Begin PBXFileReference section */
		49164FD316A87A720094BE03 /* jinx.app */ = {isa = PBXFileReference; explicitFileType = wrapper.application; includeInIndex = 0; path = jinx.app; sourceTree = BUILT_PRODUCTS_DIR; };
		49164FD716A87A720094BE03 /* UIKit.framework */ = {isa = PBXFileReference; lastKnownFileType = wrapper.framework; name = UIKit.framework; path = System/Library/Frameworks/UIKit.framework; sourceTree = SDKROOT; };
		49164FD916A87A720094BE03 /* Foundation.framework */ = {isa = PBXFileReference; lastKnownFileType = wrapper.framework; name = Foundation.framework; path = System/Library/Frameworks/Foundation.framework; sourceTree = SDKROOT; };
		49164FDB16A87A720094BE03 /* CoreGraphics.framework */ = {isa = PBXFileReference; lastKnownFileType = wrapper.framework; name = CoreGraphics.framework; path = System/Library/Frameworks/CoreGraphics.framework; sourceTree = SDKROOT; };
		49164FDF16A87A720094BE03 /* jinx-Info.plist */ = {isa = PBXFileReference; lastKnownFileType = text.plist.xml; path = "jinx-Info.plist"; sourceTree = "<group>"; };
		49164FE116A87A720094BE03 /* en */ = {isa = PBXFileReference; lastKnownFileType = text.plist.strings; name = en; path = en.lproj/InfoPlist.strings; sourceTree = "<group>"; };
		49164FE316A87A720094BE03 /* main.m */ = {isa = PBXFileReference; lastKnownFileType = sourcecode.c.objc; path = main.m; sourceTree = "<group>"; };
		49164FE516A87A720094BE03 /* jinx-Prefix.pch */ = {isa = PBXFileReference; lastKnownFileType = sourcecode.c.h; path = "jinx-Prefix.pch"; sourceTree = "<group>"; };
		49164FE616A87A720094BE03 /* AppDelegate.h */ = {isa = PBXFileReference; lastKnownFileType = sourcecode.c.h; path = AppDelegate.h; sourceTree = "<group>"; };
		49164FE716A87A720094BE03 /* AppDelegate.m */ = {isa = PBXFileReference; lastKnownFileType = sourcecode.c.objc; path = AppDelegate.m; sourceTree = "<group>"; };
		49164FE916A87A720094BE03 /* Default.png */ = {isa = PBXFileReference; lastKnownFileType = image.png; path = Default.png; sourceTree = "<group>"; };
		49164FEB16A87A720094BE03 /* Default@2x.png */ = {isa = PBXFileReference; lastKnownFileType = image.png; path = "Default@2x.png"; sourceTree = "<group>"; };
		49164FED16A87A720094BE03 /* Default-568h@2x.png */ = {isa = PBXFileReference; lastKnownFileType = image.png; path = "Default-568h@2x.png"; sourceTree = "<group>"; };
		49164FF016A87A720094BE03 /* en */ = {isa = PBXFileReference; lastKnownFileType = file.storyboard; name = en; path = en.lproj/iPhone.storyboard; sourceTree = "<group>"; };
		49164FFA16A87B0E0094BE03 /* LoginViewController.h */ = {isa = PBXFileReference; lastKnownFileType = sourcecode.c.h; path = LoginViewController.h; sourceTree = "<group>"; };
		49164FFB16A87B0E0094BE03 /* LoginViewController.m */ = {isa = PBXFileReference; lastKnownFileType = sourcecode.c.objc; path = LoginViewController.m; sourceTree = "<group>"; };
		4916500116A87B820094BE03 /* GameKit.framework */ = {isa = PBXFileReference; lastKnownFileType = wrapper.framework; name = GameKit.framework; path = System/Library/Frameworks/GameKit.framework; sourceTree = SDKROOT; };
		4916500316A880E00094BE03 /* jinx.entitlements */ = {isa = PBXFileReference; lastKnownFileType = text.xml; path = jinx.entitlements; sourceTree = "<group>"; };
		4921E52C16AE2AEC00ECB11E /* GenericViewController.h */ = {isa = PBXFileReference; fileEncoding = 4; lastKnownFileType = sourcecode.c.h; path = GenericViewController.h; sourceTree = "<group>"; };
		4921E52D16AE2AEC00ECB11E /* GenericViewController.m */ = {isa = PBXFileReference; fileEncoding = 4; lastKnownFileType = sourcecode.c.objc; path = GenericViewController.m; sourceTree = "<group>"; };
		4921E53116AE2F4700ECB11E /* button-1.png */ = {isa = PBXFileReference; lastKnownFileType = image.png; path = "button-1.png"; sourceTree = "<group>"; };
		4921E53316AE2FEE00ECB11E /* button-2.png */ = {isa = PBXFileReference; lastKnownFileType = image.png; path = "button-2.png"; sourceTree = "<group>"; };
		4921E53516AE301900ECB11E /* button-3.png */ = {isa = PBXFileReference; lastKnownFileType = image.png; path = "button-3.png"; sourceTree = "<group>"; };
		4921E53716AE328E00ECB11E /* StatsViewController.h */ = {isa = PBXFileReference; fileEncoding = 4; lastKnownFileType = sourcecode.c.h; path = StatsViewController.h; sourceTree = "<group>"; };
		4921E53816AE328E00ECB11E /* StatsViewController.m */ = {isa = PBXFileReference; fileEncoding = 4; lastKnownFileType = sourcecode.c.objc; path = StatsViewController.m; sourceTree = "<group>"; };
		4921E53A16AE345000ECB11E /* Purple1.jpg */ = {isa = PBXFileReference; lastKnownFileType = image.jpeg; path = Purple1.jpg; sourceTree = "<group>"; };
		4921E53B16AE345000ECB11E /* Purple2.jpg */ = {isa = PBXFileReference; lastKnownFileType = image.jpeg; path = Purple2.jpg; sourceTree = "<group>"; };
		4921E53C16AE345000ECB11E /* Purple3.jpg */ = {isa = PBXFileReference; lastKnownFileType = image.jpeg; path = Purple3.jpg; sourceTree = "<group>"; };
		4921E53D16AE345000ECB11E /* Purple4.jpg */ = {isa = PBXFileReference; lastKnownFileType = image.jpeg; path = Purple4.jpg; sourceTree = "<group>"; };
		4921E54216AE34BE00ECB11E /* Purple5.jpg */ = {isa = PBXFileReference; lastKnownFileType = image.jpeg; path = Purple5.jpg; sourceTree = "<group>"; };
		4921E54416AE34FA00ECB11E /* Purple6.jpg */ = {isa = PBXFileReference; lastKnownFileType = image.jpeg; path = Purple6.jpg; sourceTree = "<group>"; };
		4921E54616AE35DD00ECB11E /* Stats-button.png */ = {isa = PBXFileReference; lastKnownFileType = image.png; path = "Stats-button.png"; sourceTree = "<group>"; };
		4921E54716AE35DD00ECB11E /* Play-button.png */ = {isa = PBXFileReference; lastKnownFileType = image.png; path = "Play-button.png"; sourceTree = "<group>"; };
		4921E54A16AE3B8C00ECB11E /* Submit-button.png */ = {isa = PBXFileReference; lastKnownFileType = image.png; path = "Submit-button.png"; sourceTree = "<group>"; };
		4921E55616AEFA5500ECB11E /* MBProgressHUD.h */ = {isa = PBXFileReference; lastKnownFileType = sourcecode.c.h; path = MBProgressHUD.h; sourceTree = "<group>"; };
		4921E55716AEFA5500ECB11E /* MBProgressHUD.m */ = {isa = PBXFileReference; lastKnownFileType = sourcecode.c.objc; path = MBProgressHUD.m; sourceTree = "<group>"; };
		4921E55A16AEFB4000ECB11E /* iPad.storyboard */ = {isa = PBXFileReference; fileEncoding = 4; lastKnownFileType = file.storyboard; path = iPad.storyboard; sourceTree = "<group>"; };
		4921E56D16AF221E00ECB11E /* Constants.h */ = {isa = PBXFileReference; fileEncoding = 4; lastKnownFileType = sourcecode.c.h; path = Constants.h; sourceTree = "<group>"; };
		4921E58516AF3E3300ECB11E /* UIButton+Disable.h */ = {isa = PBXFileReference; lastKnownFileType = sourcecode.c.h; path = "UIButton+Disable.h"; sourceTree = "<group>"; };
		4921E58616AF3E3300ECB11E /* UIButton+Disable.m */ = {isa = PBXFileReference; lastKnownFileType = sourcecode.c.objc; path = "UIButton+Disable.m"; sourceTree = "<group>"; };
		FA3B941C16AB2922007C572F /* GameViewController.h */ = {isa = PBXFileReference; fileEncoding = 4; lastKnownFileType = sourcecode.c.h; path = GameViewController.h; sourceTree = "<group>"; };
		FA3B941D16AB2922007C572F /* GameViewController.m */ = {isa = PBXFileReference; fileEncoding = 4; lastKnownFileType = sourcecode.c.objc; path = GameViewController.m; sourceTree = "<group>"; };
		FA3B942016AB293B007C572F /* GameModel.h */ = {isa = PBXFileReference; fileEncoding = 4; lastKnownFileType = sourcecode.c.h; path = GameModel.h; sourceTree = "<group>"; };
		FA3B942116AB293B007C572F /* GameModel.m */ = {isa = PBXFileReference; fileEncoding = 4; lastKnownFileType = sourcecode.c.objc; path = GameModel.m; sourceTree = "<group>"; };
		FA3B942316AB497C007C572F /* AVFoundation.framework */ = {isa = PBXFileReference; lastKnownFileType = wrapper.framework; name = AVFoundation.framework; path = System/Library/Frameworks/AVFoundation.framework; sourceTree = SDKROOT; };
		FA3B942516AB4E78007C572F /* Free-HD-Purple-Space-Backgrounds.jpg */ = {isa = PBXFileReference; lastKnownFileType = image.jpeg; path = "Free-HD-Purple-Space-Backgrounds.jpg"; sourceTree = "<group>"; };
/* End PBXFileReference section */

/* Begin PBXFrameworksBuildPhase section */
		49164FD016A87A720094BE03 /* Frameworks */ = {
			isa = PBXFrameworksBuildPhase;
			buildActionMask = 2147483647;
			files = (
				FA3B942416AB497C007C572F /* AVFoundation.framework in Frameworks */,
				4916500216A87B820094BE03 /* GameKit.framework in Frameworks */,
				49164FD816A87A720094BE03 /* UIKit.framework in Frameworks */,
				49164FDA16A87A720094BE03 /* Foundation.framework in Frameworks */,
				49164FDC16A87A720094BE03 /* CoreGraphics.framework in Frameworks */,
			);
			runOnlyForDeploymentPostprocessing = 0;
		};
/* End PBXFrameworksBuildPhase section */

/* Begin PBXGroup section */
		49164FC816A87A710094BE03 = {
			isa = PBXGroup;
			children = (
				49164FDD16A87A720094BE03 /* jinx */,
				49164FD616A87A720094BE03 /* Frameworks */,
				49164FD416A87A720094BE03 /* Products */,
			);
			sourceTree = "<group>";
		};
		49164FD416A87A720094BE03 /* Products */ = {
			isa = PBXGroup;
			children = (
				49164FD316A87A720094BE03 /* jinx.app */,
			);
			name = Products;
			sourceTree = "<group>";
		};
		49164FD616A87A720094BE03 /* Frameworks */ = {
			isa = PBXGroup;
			children = (
				FA3B942316AB497C007C572F /* AVFoundation.framework */,
				4916500116A87B820094BE03 /* GameKit.framework */,
				49164FD716A87A720094BE03 /* UIKit.framework */,
				49164FD916A87A720094BE03 /* Foundation.framework */,
				49164FDB16A87A720094BE03 /* CoreGraphics.framework */,
			);
			name = Frameworks;
			sourceTree = "<group>";
		};
		49164FDD16A87A720094BE03 /* jinx */ = {
			isa = PBXGroup;
			children = (
				FA3B942016AB293B007C572F /* GameModel.h */,
				FA3B942116AB293B007C572F /* GameModel.m */,
				FA3B941C16AB2922007C572F /* GameViewController.h */,
				FA3B941D16AB2922007C572F /* GameViewController.m */,
				4921E52C16AE2AEC00ECB11E /* GenericViewController.h */,
				4921E52D16AE2AEC00ECB11E /* GenericViewController.m */,
				4921E55A16AEFB4000ECB11E /* iPad.storyboard */,
				49164FEF16A87A720094BE03 /* iPhone.storyboard */,
				4921E55416AEFA1D00ECB11E /* Library */,
				49164FFA16A87B0E0094BE03 /* LoginViewController.h */,
				49164FFB16A87B0E0094BE03 /* LoginViewController.m */,
				4921E55916AEFA7200ECB11E /* Media */,
				4921E53716AE328E00ECB11E /* StatsViewController.h */,
				4921E53816AE328E00ECB11E /* StatsViewController.m */,
				49164FDE16A87A720094BE03 /* Supporting Files */,
			);
			path = jinx;
			sourceTree = "<group>";
		};
		49164FDE16A87A720094BE03 /* Supporting Files */ = {
			isa = PBXGroup;
			children = (
				49164FE616A87A720094BE03 /* AppDelegate.h */,
				49164FE716A87A720094BE03 /* AppDelegate.m */,
				4921E54616AE35DD00ECB11E /* Stats-button.png */,
				4921E54A16AE3B8C00ECB11E /* Submit-button.png */,
				4921E54716AE35DD00ECB11E /* Play-button.png */,
				4921E53316AE2FEE00ECB11E /* button-2.png */,
				4921E53516AE301900ECB11E /* button-3.png */,
				4921E53116AE2F4700ECB11E /* button-1.png */,
				4916500316A880E00094BE03 /* jinx.entitlements */,
				49164FDF16A87A720094BE03 /* jinx-Info.plist */,
				49164FE016A87A720094BE03 /* InfoPlist.strings */,
				49164FE316A87A720094BE03 /* main.m */,
				49164FE516A87A720094BE03 /* jinx-Prefix.pch */,
				49164FE916A87A720094BE03 /* Default.png */,
				49164FEB16A87A720094BE03 /* Default@2x.png */,
				49164FED16A87A720094BE03 /* Default-568h@2x.png */,
			);
			name = "Supporting Files";
			sourceTree = "<group>";
		};
		4921E55416AEFA1D00ECB11E /* Library */ = {
			isa = PBXGroup;
			children = (
				4921E58516AF3E3300ECB11E /* UIButton+Disable.h */,
				4921E58616AF3E3300ECB11E /* UIButton+Disable.m */,
				4921E56D16AF221E00ECB11E /* Constants.h */,
				4921E55816AEFA5A00ECB11E /* MBProgressHUD */,
			);
			name = Library;
			sourceTree = "<group>";
		};
		4921E55816AEFA5A00ECB11E /* MBProgressHUD */ = {
			isa = PBXGroup;
			children = (
				4921E55616AEFA5500ECB11E /* MBProgressHUD.h */,
				4921E55716AEFA5500ECB11E /* MBProgressHUD.m */,
			);
			name = MBProgressHUD;
			sourceTree = "<group>";
		};
		4921E55916AEFA7200ECB11E /* Media */ = {
			isa = PBXGroup;
			children = (
				FA3B942516AB4E78007C572F /* Free-HD-Purple-Space-Backgrounds.jpg */,
				4921E53A16AE345000ECB11E /* Purple1.jpg */,
				4921E53B16AE345000ECB11E /* Purple2.jpg */,
				4921E53C16AE345000ECB11E /* Purple3.jpg */,
				4921E53D16AE345000ECB11E /* Purple4.jpg */,
				4921E54216AE34BE00ECB11E /* Purple5.jpg */,
				4921E54416AE34FA00ECB11E /* Purple6.jpg */,
			);
			name = Media;
			sourceTree = "<group>";
		};
/* End PBXGroup section */

/* Begin PBXNativeTarget section */
		49164FD216A87A720094BE03 /* jinx */ = {
			isa = PBXNativeTarget;
			buildConfigurationList = 49164FF716A87A720094BE03 /* Build configuration list for PBXNativeTarget "jinx" */;
			buildPhases = (
				49164FCF16A87A720094BE03 /* Sources */,
				49164FD016A87A720094BE03 /* Frameworks */,
				49164FD116A87A720094BE03 /* Resources */,
			);
			buildRules = (
			);
			dependencies = (
			);
			name = jinx;
			productName = jinx;
			productReference = 49164FD316A87A720094BE03 /* jinx.app */;
			productType = "com.apple.product-type.application";
		};
/* End PBXNativeTarget section */

/* Begin PBXProject section */
		49164FCA16A87A710094BE03 /* Project object */ = {
			isa = PBXProject;
			attributes = {
				LastUpgradeCheck = 0450;
				ORGANIZATIONNAME = "Duke University";
			};
			buildConfigurationList = 49164FCD16A87A710094BE03 /* Build configuration list for PBXProject "jinx" */;
			compatibilityVersion = "Xcode 3.2";
			developmentRegion = English;
			hasScannedForEncodings = 0;
			knownRegions = (
				en,
			);
			mainGroup = 49164FC816A87A710094BE03;
			productRefGroup = 49164FD416A87A720094BE03 /* Products */;
			projectDirPath = "";
			projectRoot = "";
			targets = (
				49164FD216A87A720094BE03 /* jinx */,
			);
		};
/* End PBXProject section */

/* Begin PBXResourcesBuildPhase section */
		49164FD116A87A720094BE03 /* Resources */ = {
			isa = PBXResourcesBuildPhase;
			buildActionMask = 2147483647;
			files = (
				49164FE216A87A720094BE03 /* InfoPlist.strings in Resources */,
				49164FEA16A87A720094BE03 /* Default.png in Resources */,
				49164FEC16A87A720094BE03 /* Default@2x.png in Resources */,
				49164FEE16A87A720094BE03 /* Default-568h@2x.png in Resources */,
				49164FF116A87A720094BE03 /* iPhone.storyboard in Resources */,
				FA3B942616AB4E78007C572F /* Free-HD-Purple-Space-Backgrounds.jpg in Resources */,
				4921E53216AE2F4700ECB11E /* button-1.png in Resources */,
				4921E53416AE2FEE00ECB11E /* button-2.png in Resources */,
				4921E53616AE301900ECB11E /* button-3.png in Resources */,
				4921E53E16AE345000ECB11E /* Purple1.jpg in Resources */,
				4921E53F16AE345000ECB11E /* Purple2.jpg in Resources */,
				4921E54016AE345000ECB11E /* Purple3.jpg in Resources */,
				4921E54116AE345000ECB11E /* Purple4.jpg in Resources */,
				4921E54316AE34BE00ECB11E /* Purple5.jpg in Resources */,
				4921E54516AE34FA00ECB11E /* Purple6.jpg in Resources */,
				4921E54816AE35DD00ECB11E /* Stats-button.png in Resources */,
				4921E54916AE35DD00ECB11E /* Play-button.png in Resources */,
				4921E54B16AE3B8C00ECB11E /* Submit-button.png in Resources */,
				4921E55B16AEFB4000ECB11E /* iPad.storyboard in Resources */,
			);
			runOnlyForDeploymentPostprocessing = 0;
		};
/* End PBXResourcesBuildPhase section */

/* Begin PBXSourcesBuildPhase section */
		49164FCF16A87A720094BE03 /* Sources */ = {
			isa = PBXSourcesBuildPhase;
			buildActionMask = 2147483647;
			files = (
				4921E58716AF3ED000ECB11E /* UIButton+Disable.m in Sources */,
				4921E57016AF22AF00ECB11E /* MBProgressHUD.m in Sources */,
				49164FFC16A87B5E0094BE03 /* LoginViewController.m in Sources */,
				49164FE416A87A720094BE03 /* main.m in Sources */,
				49164FE816A87A720094BE03 /* AppDelegate.m in Sources */,
				FA3B941E16AB2922007C572F /* GameViewController.m in Sources */,
				FA3B942216AB293B007C572F /* GameModel.m in Sources */,
				4921E52E16AE2AEC00ECB11E /* GenericViewController.m in Sources */,
				4921E53916AE328E00ECB11E /* StatsViewController.m in Sources */,
			);
			runOnlyForDeploymentPostprocessing = 0;
		};
/* End PBXSourcesBuildPhase section */

/* Begin PBXVariantGroup section */
		49164FE016A87A720094BE03 /* InfoPlist.strings */ = {
			isa = PBXVariantGroup;
			children = (
				49164FE116A87A720094BE03 /* en */,
			);
			name = InfoPlist.strings;
			sourceTree = "<group>";
		};
		49164FEF16A87A720094BE03 /* iPhone.storyboard */ = {
			isa = PBXVariantGroup;
			children = (
				49164FF016A87A720094BE03 /* en */,
			);
			name = iPhone.storyboard;
			sourceTree = "<group>";
		};
/* End PBXVariantGroup section */

/* Begin XCBuildConfiguration section */
		49164FF516A87A720094BE03 /* Debug */ = {
			isa = XCBuildConfiguration;
			buildSettings = {
				ALWAYS_SEARCH_USER_PATHS = NO;
				CLANG_CXX_LANGUAGE_STANDARD = "gnu++0x";
				CLANG_CXX_LIBRARY = "libc++";
				CLANG_ENABLE_OBJC_ARC = YES;
				CLANG_WARN_EMPTY_BODY = YES;
				CLANG_WARN__DUPLICATE_METHOD_MATCH = YES;
				"CODE_SIGN_IDENTITY[sdk=iphoneos*]" = "iPhone Developer";
				COPY_PHASE_STRIP = NO;
				GCC_C_LANGUAGE_STANDARD = gnu99;
				GCC_DYNAMIC_NO_PIC = NO;
				GCC_OPTIMIZATION_LEVEL = 0;
				GCC_PREPROCESSOR_DEFINITIONS = (
					"DEBUG=1",
					"$(inherited)",
				);
				GCC_SYMBOLS_PRIVATE_EXTERN = NO;
				GCC_WARN_ABOUT_RETURN_TYPE = YES;
				GCC_WARN_UNINITIALIZED_AUTOS = YES;
				GCC_WARN_UNUSED_VARIABLE = YES;
				IPHONEOS_DEPLOYMENT_TARGET = 6.0;
				ONLY_ACTIVE_ARCH = YES;
				SDKROOT = iphoneos;
			};
			name = Debug;
		};
		49164FF616A87A720094BE03 /* Release */ = {
			isa = XCBuildConfiguration;
			buildSettings = {
				ALWAYS_SEARCH_USER_PATHS = NO;
				CLANG_CXX_LANGUAGE_STANDARD = "gnu++0x";
				CLANG_CXX_LIBRARY = "libc++";
				CLANG_ENABLE_OBJC_ARC = YES;
				CLANG_WARN_EMPTY_BODY = YES;
				CLANG_WARN__DUPLICATE_METHOD_MATCH = YES;
				"CODE_SIGN_IDENTITY[sdk=iphoneos*]" = "iPhone Developer";
				COPY_PHASE_STRIP = YES;
				GCC_C_LANGUAGE_STANDARD = gnu99;
				GCC_WARN_ABOUT_RETURN_TYPE = YES;
				GCC_WARN_UNINITIALIZED_AUTOS = YES;
				GCC_WARN_UNUSED_VARIABLE = YES;
				IPHONEOS_DEPLOYMENT_TARGET = 6.0;
				OTHER_CFLAGS = "-DNS_BLOCK_ASSERTIONS=1";
				SDKROOT = iphoneos;
				VALIDATE_PRODUCT = YES;
			};
			name = Release;
		};
		49164FF816A87A720094BE03 /* Debug */ = {
			isa = XCBuildConfiguration;
			buildSettings = {
				CODE_SIGN_ENTITLEMENTS = jinx/jinx.entitlements;
				CODE_SIGN_IDENTITY = "iPhone Developer: Andrew Patterson (WL46W5PVAD)";
				GCC_PRECOMPILE_PREFIX_HEADER = YES;
				GCC_PREFIX_HEADER = "jinx/jinx-Prefix.pch";
				INFOPLIST_FILE = "jinx/jinx-Info.plist";
				IPHONEOS_DEPLOYMENT_TARGET = 5.0;
				PRODUCT_NAME = "$(TARGET_NAME)";
				PROVISIONING_PROFILE = "84581AA2-4F6F-46F5-88C4-4BB6BA612FEF";
				TARGETED_DEVICE_FAMILY = "1,2";
				WRAPPER_EXTENSION = app;
			};
			name = Debug;
		};
		49164FF916A87A720094BE03 /* Release */ = {
			isa = XCBuildConfiguration;
			buildSettings = {
				CODE_SIGN_ENTITLEMENTS = jinx/jinx.entitlements;
				CODE_SIGN_IDENTITY = "iPhone Developer: Andrew Patterson (WL46W5PVAD)";
				GCC_PRECOMPILE_PREFIX_HEADER = YES;
				GCC_PREFIX_HEADER = "jinx/jinx-Prefix.pch";
				INFOPLIST_FILE = "jinx/jinx-Info.plist";
				IPHONEOS_DEPLOYMENT_TARGET = 5.0;
				PRODUCT_NAME = "$(TARGET_NAME)";
				PROVISIONING_PROFILE = "84581AA2-4F6F-46F5-88C4-4BB6BA612FEF";
				TARGETED_DEVICE_FAMILY = "1,2";
				WRAPPER_EXTENSION = app;
			};
			name = Release;
		};
/* End XCBuildConfiguration section */

/* Begin XCConfigurationList section */
		49164FCD16A87A710094BE03 /* Build configuration list for PBXProject "jinx" */ = {
			isa = XCConfigurationList;
			buildConfigurations = (
				49164FF516A87A720094BE03 /* Debug */,
				49164FF616A87A720094BE03 /* Release */,
			);
			defaultConfigurationIsVisible = 0;
			defaultConfigurationName = Release;
		};
		49164FF716A87A720094BE03 /* Build configuration list for PBXNativeTarget "jinx" */ = {
			isa = XCConfigurationList;
			buildConfigurations = (
				49164FF816A87A720094BE03 /* Debug */,
				49164FF916A87A720094BE03 /* Release */,
			);
			defaultConfigurationIsVisible = 0;
			defaultConfigurationName = Release;
		};
/* End XCConfigurationList section */
	};
	rootObject = 49164FCA16A87A710094BE03 /* Project object */;
}
